// !$*UTF8*$!
{
	archiveVersion = 1;
	classes = {
	};
	objectVersion = 46;
	objects = {

/* Begin PBXBuildFile section */
		880BE21C1AFA7A3D005E26F4 /* ThinkGear.framework in Frameworks */ = {isa = PBXBuildFile; fileRef = 880BE21B1AFA7A3D005E26F4 /* ThinkGear.framework */; };
		880BE21D1AFA7A3D005E26F4 /* ThinkGear.framework in Embed Frameworks */ = {isa = PBXBuildFile; fileRef = 880BE21B1AFA7A3D005E26F4 /* ThinkGear.framework */; settings = {ATTRIBUTES = (CodeSignOnCopy, RemoveHeadersOnCopy, ); }; };
		880BE2201AFA7A46005E26F4 /* Cocoa.framework in Frameworks */ = {isa = PBXBuildFile; fileRef = 880BE21F1AFA7A46005E26F4 /* Cocoa.framework */; };
		880BE2251AFA7A76005E26F4 /* ThinkGear.swift in Sources */ = {isa = PBXBuildFile; fileRef = 880BE2241AFA7A76005E26F4 /* ThinkGear.swift */; };
		882658761B053BF5007DA190 /* InfoDisplay.swift in Sources */ = {isa = PBXBuildFile; fileRef = 882658751B053BF5007DA190 /* InfoDisplay.swift */; };
		882658781B0542E2007DA190 /* BlackHole.swift in Sources */ = {isa = PBXBuildFile; fileRef = 882658771B0542E2007DA190 /* BlackHole.swift */; };
		8826587A1B05430F007DA190 /* Unit.swift in Sources */ = {isa = PBXBuildFile; fileRef = 882658791B05430F007DA190 /* Unit.swift */; };
		8826587C1B05433F007DA190 /* Block.swift in Sources */ = {isa = PBXBuildFile; fileRef = 8826587B1B05433F007DA190 /* Block.swift */; };
		8826587F1B05438E007DA190 /* Protocols.swift in Sources */ = {isa = PBXBuildFile; fileRef = 8826587E1B05438E007DA190 /* Protocols.swift */; };
		882E557C1AD2EEA40026EFEC /* AppDelegate.swift in Sources */ = {isa = PBXBuildFile; fileRef = 882E557B1AD2EEA40026EFEC /* AppDelegate.swift */; };
		882E557E1AD2EEA40026EFEC /* GameScene.swift in Sources */ = {isa = PBXBuildFile; fileRef = 882E557D1AD2EEA40026EFEC /* GameScene.swift */; };
		882E55801AD2EEA40026EFEC /* GameScene.sks in Resources */ = {isa = PBXBuildFile; fileRef = 882E557F1AD2EEA40026EFEC /* GameScene.sks */; };
		882E55821AD2EEA40026EFEC /* Images.xcassets in Resources */ = {isa = PBXBuildFile; fileRef = 882E55811AD2EEA40026EFEC /* Images.xcassets */; };
		882E55851AD2EEA40026EFEC /* MainMenu.xib in Resources */ = {isa = PBXBuildFile; fileRef = 882E55831AD2EEA40026EFEC /* MainMenu.xib */; };
		882E55911AD2EEA40026EFEC /* GameTests.swift in Sources */ = {isa = PBXBuildFile; fileRef = 882E55901AD2EEA40026EFEC /* GameTests.swift */; };
		882E559B1AD2F1910026EFEC /* Camera.swift in Sources */ = {isa = PBXBuildFile; fileRef = 882E559A1AD2F1910026EFEC /* Camera.swift */; };
		882E559D1AD2FC350026EFEC /* Structures.swift in Sources */ = {isa = PBXBuildFile; fileRef = 882E559C1AD2FC350026EFEC /* Structures.swift */; };
		88776A081B054AFE009BB35B /* Button.swift in Sources */ = {isa = PBXBuildFile; fileRef = 88776A071B054AFE009BB35B /* Button.swift */; };
		88D2113A1B055F8700F05F77 /* LevelBuilder.swift in Sources */ = {isa = PBXBuildFile; fileRef = 88D211391B055F8700F05F77 /* LevelBuilder.swift */; };
		88D2113C1B05604100F05F77 /* Wall.swift in Sources */ = {isa = PBXBuildFile; fileRef = 88D2113B1B05604100F05F77 /* Wall.swift */; };
		88D2113E1B056D4D00F05F77 /* Levels in Resources */ = {isa = PBXBuildFile; fileRef = 88D2113D1B056D4D00F05F77 /* Levels */; };
		88D211401B056E2D00F05F77 /* Reader.swift in Sources */ = {isa = PBXBuildFile; fileRef = 88D2113F1B056E2D00F05F77 /* Reader.swift */; };
		EB51574A1B05548F004A6CC0 /* LevelLibrary.swift in Sources */ = {isa = PBXBuildFile; fileRef = EB5157491B05548F004A6CC0 /* LevelLibrary.swift */; };
		EB51574C1B055508004A6CC0 /* LevelLibrary.sks in Resources */ = {isa = PBXBuildFile; fileRef = EB51574B1B055508004A6CC0 /* LevelLibrary.sks */; };
		EBCF78C01AFA75EA0063C8F0 /* Menu.swift in Sources */ = {isa = PBXBuildFile; fileRef = EBCF78BF1AFA75EA0063C8F0 /* Menu.swift */; };
		EBCF78C21AFA7CCC0063C8F0 /* Menu.sks in Resources */ = {isa = PBXBuildFile; fileRef = EBCF78C11AFA7CCC0063C8F0 /* Menu.sks */; };
/* End PBXBuildFile section */

/* Begin PBXContainerItemProxy section */
		882E558B1AD2EEA40026EFEC /* PBXContainerItemProxy */ = {
			isa = PBXContainerItemProxy;
			containerPortal = 882E556E1AD2EEA40026EFEC /* Project object */;
			proxyType = 1;
			remoteGlobalIDString = 882E55751AD2EEA40026EFEC;
			remoteInfo = Game;
		};
/* End PBXContainerItemProxy section */

/* Begin PBXCopyFilesBuildPhase section */
		880BE21E1AFA7A3E005E26F4 /* Embed Frameworks */ = {
			isa = PBXCopyFilesBuildPhase;
			buildActionMask = 2147483647;
			dstPath = "";
			dstSubfolderSpec = 10;
			files = (
				880BE21D1AFA7A3D005E26F4 /* ThinkGear.framework in Embed Frameworks */,
			);
			name = "Embed Frameworks";
			runOnlyForDeploymentPostprocessing = 0;
		};
/* End PBXCopyFilesBuildPhase section */

/* Begin PBXFileReference section */
		880BE21B1AFA7A3D005E26F4 /* ThinkGear.framework */ = {isa = PBXFileReference; lastKnownFileType = wrapper.framework; name = ThinkGear.framework; path = Game/ThinkGear.framework; sourceTree = "<group>"; };
		880BE21F1AFA7A46005E26F4 /* Cocoa.framework */ = {isa = PBXFileReference; lastKnownFileType = wrapper.framework; name = Cocoa.framework; path = System/Library/Frameworks/Cocoa.framework; sourceTree = SDKROOT; };
		880BE2241AFA7A76005E26F4 /* ThinkGear.swift */ = {isa = PBXFileReference; fileEncoding = 4; lastKnownFileType = sourcecode.swift; path = ThinkGear.swift; sourceTree = "<group>"; };
		880BE2261AFA7A7B005E26F4 /* Swift-Bridging-Header.h */ = {isa = PBXFileReference; fileEncoding = 4; lastKnownFileType = sourcecode.c.h; path = "Swift-Bridging-Header.h"; sourceTree = "<group>"; };
		882658751B053BF5007DA190 /* InfoDisplay.swift */ = {isa = PBXFileReference; fileEncoding = 4; lastKnownFileType = sourcecode.swift; path = InfoDisplay.swift; sourceTree = "<group>"; };
		882658771B0542E2007DA190 /* BlackHole.swift */ = {isa = PBXFileReference; fileEncoding = 4; lastKnownFileType = sourcecode.swift; path = BlackHole.swift; sourceTree = "<group>"; };
		882658791B05430F007DA190 /* Unit.swift */ = {isa = PBXFileReference; fileEncoding = 4; lastKnownFileType = sourcecode.swift; path = Unit.swift; sourceTree = "<group>"; };
		8826587B1B05433F007DA190 /* Block.swift */ = {isa = PBXFileReference; fileEncoding = 4; lastKnownFileType = sourcecode.swift; path = Block.swift; sourceTree = "<group>"; };
		8826587E1B05438E007DA190 /* Protocols.swift */ = {isa = PBXFileReference; fileEncoding = 4; lastKnownFileType = sourcecode.swift; path = Protocols.swift; sourceTree = "<group>"; };
		882E55761AD2EEA40026EFEC /* Game.app */ = {isa = PBXFileReference; explicitFileType = wrapper.application; includeInIndex = 0; path = Game.app; sourceTree = BUILT_PRODUCTS_DIR; };
		882E557A1AD2EEA40026EFEC /* Info.plist */ = {isa = PBXFileReference; lastKnownFileType = text.plist.xml; path = Info.plist; sourceTree = "<group>"; };
		882E557B1AD2EEA40026EFEC /* AppDelegate.swift */ = {isa = PBXFileReference; lastKnownFileType = sourcecode.swift; path = AppDelegate.swift; sourceTree = "<group>"; };
		882E557D1AD2EEA40026EFEC /* GameScene.swift */ = {isa = PBXFileReference; lastKnownFileType = sourcecode.swift; path = GameScene.swift; sourceTree = "<group>"; };
		882E557F1AD2EEA40026EFEC /* GameScene.sks */ = {isa = PBXFileReference; lastKnownFileType = file.sks; path = GameScene.sks; sourceTree = "<group>"; };
		882E55811AD2EEA40026EFEC /* Images.xcassets */ = {isa = PBXFileReference; lastKnownFileType = folder.assetcatalog; path = Images.xcassets; sourceTree = "<group>"; };
		882E55841AD2EEA40026EFEC /* Base */ = {isa = PBXFileReference; lastKnownFileType = file.xib; name = Base; path = Base.lproj/MainMenu.xib; sourceTree = "<group>"; };
		882E558A1AD2EEA40026EFEC /* GameTests.xctest */ = {isa = PBXFileReference; explicitFileType = wrapper.cfbundle; includeInIndex = 0; path = GameTests.xctest; sourceTree = BUILT_PRODUCTS_DIR; };
		882E558F1AD2EEA40026EFEC /* Info.plist */ = {isa = PBXFileReference; lastKnownFileType = text.plist.xml; path = Info.plist; sourceTree = "<group>"; };
		882E55901AD2EEA40026EFEC /* GameTests.swift */ = {isa = PBXFileReference; lastKnownFileType = sourcecode.swift; path = GameTests.swift; sourceTree = "<group>"; };
		882E559A1AD2F1910026EFEC /* Camera.swift */ = {isa = PBXFileReference; fileEncoding = 4; lastKnownFileType = sourcecode.swift; path = Camera.swift; sourceTree = "<group>"; };
		882E559C1AD2FC350026EFEC /* Structures.swift */ = {isa = PBXFileReference; fileEncoding = 4; lastKnownFileType = sourcecode.swift; path = Structures.swift; sourceTree = "<group>"; };
		88776A071B054AFE009BB35B /* Button.swift */ = {isa = PBXFileReference; fileEncoding = 4; lastKnownFileType = sourcecode.swift; path = Button.swift; sourceTree = "<group>"; };
		88D211391B055F8700F05F77 /* LevelBuilder.swift */ = {isa = PBXFileReference; fileEncoding = 4; lastKnownFileType = sourcecode.swift; path = LevelBuilder.swift; sourceTree = "<group>"; };
		88D2113B1B05604100F05F77 /* Wall.swift */ = {isa = PBXFileReference; fileEncoding = 4; lastKnownFileType = sourcecode.swift; path = Wall.swift; sourceTree = "<group>"; };
		88D2113D1B056D4D00F05F77 /* Levels */ = {isa = PBXFileReference; lastKnownFileType = folder; path = Levels; sourceTree = SOURCE_ROOT; };
		88D2113F1B056E2D00F05F77 /* Reader.swift */ = {isa = PBXFileReference; fileEncoding = 4; lastKnownFileType = sourcecode.swift; path = Reader.swift; sourceTree = "<group>"; };
		EB5157491B05548F004A6CC0 /* LevelLibrary.swift */ = {isa = PBXFileReference; fileEncoding = 4; lastKnownFileType = sourcecode.swift; path = LevelLibrary.swift; sourceTree = "<group>"; };
		EB51574B1B055508004A6CC0 /* LevelLibrary.sks */ = {isa = PBXFileReference; lastKnownFileType = file.sks; path = LevelLibrary.sks; sourceTree = "<group>"; };
		EBCF78BF1AFA75EA0063C8F0 /* Menu.swift */ = {isa = PBXFileReference; fileEncoding = 4; lastKnownFileType = sourcecode.swift; path = Menu.swift; sourceTree = "<group>"; };
		EBCF78C11AFA7CCC0063C8F0 /* Menu.sks */ = {isa = PBXFileReference; lastKnownFileType = file.sks; path = Menu.sks; sourceTree = "<group>"; };
/* End PBXFileReference section */

/* Begin PBXFrameworksBuildPhase section */
		882E55731AD2EEA40026EFEC /* Frameworks */ = {
			isa = PBXFrameworksBuildPhase;
			buildActionMask = 2147483647;
			files = (
				880BE2201AFA7A46005E26F4 /* Cocoa.framework in Frameworks */,
				880BE21C1AFA7A3D005E26F4 /* ThinkGear.framework in Frameworks */,
			);
			runOnlyForDeploymentPostprocessing = 0;
		};
		882E55871AD2EEA40026EFEC /* Frameworks */ = {
			isa = PBXFrameworksBuildPhase;
			buildActionMask = 2147483647;
			files = (
			);
			runOnlyForDeploymentPostprocessing = 0;
		};
/* End PBXFrameworksBuildPhase section */

/* Begin PBXGroup section */
		8826587D1B054361007DA190 /* Game Objects */ = {
			isa = PBXGroup;
			children = (
				882658771B0542E2007DA190 /* BlackHole.swift */,
				882658791B05430F007DA190 /* Unit.swift */,
				8826587B1B05433F007DA190 /* Block.swift */,
				882658751B053BF5007DA190 /* InfoDisplay.swift */,
				882E559A1AD2F1910026EFEC /* Camera.swift */,
				882E559C1AD2FC350026EFEC /* Structures.swift */,
				8826587E1B05438E007DA190 /* Protocols.swift */,
				88D211391B055F8700F05F77 /* LevelBuilder.swift */,
				88D2113B1B05604100F05F77 /* Wall.swift */,
				88D2113F1B056E2D00F05F77 /* Reader.swift */,
			);
			name = "Game Objects";
			sourceTree = "<group>";
		};
		882E556D1AD2EEA40026EFEC = {
			isa = PBXGroup;
			children = (
				880BE21F1AFA7A46005E26F4 /* Cocoa.framework */,
				880BE21B1AFA7A3D005E26F4 /* ThinkGear.framework */,
				882E55781AD2EEA40026EFEC /* Game */,
				882E558D1AD2EEA40026EFEC /* GameTests */,
				882E55771AD2EEA40026EFEC /* Products */,
			);
			sourceTree = "<group>";
		};
		882E55771AD2EEA40026EFEC /* Products */ = {
			isa = PBXGroup;
			children = (
				882E55761AD2EEA40026EFEC /* Game.app */,
				882E558A1AD2EEA40026EFEC /* GameTests.xctest */,
			);
			name = Products;
			sourceTree = "<group>";
		};
		882E55781AD2EEA40026EFEC /* Game */ = {
			isa = PBXGroup;
			children = (
				88D2113D1B056D4D00F05F77 /* Levels */,
				88776A061B054AEA009BB35B /* Menu Objects */,
				88776A051B05476F009BB35B /* Scenes */,
				88776A041B054752009BB35B /* ThinkGear */,
				8826587D1B054361007DA190 /* Game Objects */,
				882E557B1AD2EEA40026EFEC /* AppDelegate.swift */,
				882E55811AD2EEA40026EFEC /* Images.xcassets */,
				882E55831AD2EEA40026EFEC /* MainMenu.xib */,
				882E55791AD2EEA40026EFEC /* Supporting Files */,
			);
			path = Game;
			sourceTree = "<group>";
		};
		882E55791AD2EEA40026EFEC /* Supporting Files */ = {
			isa = PBXGroup;
			children = (
				882E557A1AD2EEA40026EFEC /* Info.plist */,
			);
			name = "Supporting Files";
			sourceTree = "<group>";
		};
		882E558D1AD2EEA40026EFEC /* GameTests */ = {
			isa = PBXGroup;
			children = (
				882E55901AD2EEA40026EFEC /* GameTests.swift */,
				882E558E1AD2EEA40026EFEC /* Supporting Files */,
			);
			path = GameTests;
			sourceTree = "<group>";
		};
		882E558E1AD2EEA40026EFEC /* Supporting Files */ = {
			isa = PBXGroup;
			children = (
				882E558F1AD2EEA40026EFEC /* Info.plist */,
			);
			name = "Supporting Files";
			sourceTree = "<group>";
		};
		88776A041B054752009BB35B /* ThinkGear */ = {
			isa = PBXGroup;
			children = (
				880BE2261AFA7A7B005E26F4 /* Swift-Bridging-Header.h */,
				880BE2241AFA7A76005E26F4 /* ThinkGear.swift */,
			);
			name = ThinkGear;
			sourceTree = "<group>";
		};
		88776A051B05476F009BB35B /* Scenes */ = {
			isa = PBXGroup;
			children = (
				EBCF78BF1AFA75EA0063C8F0 /* Menu.swift */,
				EB5157491B05548F004A6CC0 /* LevelLibrary.swift */,
				882E557D1AD2EEA40026EFEC /* GameScene.swift */,
				882E557F1AD2EEA40026EFEC /* GameScene.sks */,
				EBCF78C11AFA7CCC0063C8F0 /* Menu.sks */,
				EB51574B1B055508004A6CC0 /* LevelLibrary.sks */,
			);
			name = Scenes;
			sourceTree = "<group>";
		};
		88776A061B054AEA009BB35B /* Menu Objects */ = {
			isa = PBXGroup;
			children = (
				88776A071B054AFE009BB35B /* Button.swift */,
			);
			name = "Menu Objects";
			sourceTree = "<group>";
		};
/* End PBXGroup section */

/* Begin PBXNativeTarget section */
		882E55751AD2EEA40026EFEC /* Game */ = {
			isa = PBXNativeTarget;
			buildConfigurationList = 882E55941AD2EEA40026EFEC /* Build configuration list for PBXNativeTarget "Game" */;
			buildPhases = (
				882E55721AD2EEA40026EFEC /* Sources */,
				882E55731AD2EEA40026EFEC /* Frameworks */,
				882E55741AD2EEA40026EFEC /* Resources */,
				880BE21E1AFA7A3E005E26F4 /* Embed Frameworks */,
			);
			buildRules = (
			);
			dependencies = (
			);
			name = Game;
			productName = Game;
			productReference = 882E55761AD2EEA40026EFEC /* Game.app */;
			productType = "com.apple.product-type.application";
		};
		882E55891AD2EEA40026EFEC /* GameTests */ = {
			isa = PBXNativeTarget;
			buildConfigurationList = 882E55971AD2EEA40026EFEC /* Build configuration list for PBXNativeTarget "GameTests" */;
			buildPhases = (
				882E55861AD2EEA40026EFEC /* Sources */,
				882E55871AD2EEA40026EFEC /* Frameworks */,
				882E55881AD2EEA40026EFEC /* Resources */,
			);
			buildRules = (
			);
			dependencies = (
				882E558C1AD2EEA40026EFEC /* PBXTargetDependency */,
			);
			name = GameTests;
			productName = GameTests;
			productReference = 882E558A1AD2EEA40026EFEC /* GameTests.xctest */;
			productType = "com.apple.product-type.bundle.unit-test";
		};
/* End PBXNativeTarget section */

/* Begin PBXProject section */
		882E556E1AD2EEA40026EFEC /* Project object */ = {
			isa = PBXProject;
			attributes = {
				LastUpgradeCheck = 0630;
				ORGANIZATIONNAME = "Yuriy Rebryk";
				TargetAttributes = {
					882E55751AD2EEA40026EFEC = {
						CreatedOnToolsVersion = 6.3;
					};
					882E55891AD2EEA40026EFEC = {
						CreatedOnToolsVersion = 6.3;
						TestTargetID = 882E55751AD2EEA40026EFEC;
					};
				};
			};
			buildConfigurationList = 882E55711AD2EEA40026EFEC /* Build configuration list for PBXProject "Game" */;
			compatibilityVersion = "Xcode 3.2";
			developmentRegion = English;
			hasScannedForEncodings = 0;
			knownRegions = (
				en,
				Base,
			);
			mainGroup = 882E556D1AD2EEA40026EFEC;
			productRefGroup = 882E55771AD2EEA40026EFEC /* Products */;
			projectDirPath = "";
			projectRoot = "";
			targets = (
				882E55751AD2EEA40026EFEC /* Game */,
				882E55891AD2EEA40026EFEC /* GameTests */,
			);
		};
/* End PBXProject section */

/* Begin PBXResourcesBuildPhase section */
		882E55741AD2EEA40026EFEC /* Resources */ = {
			isa = PBXResourcesBuildPhase;
			buildActionMask = 2147483647;
			files = (
				882E55801AD2EEA40026EFEC /* GameScene.sks in Resources */,
				882E55821AD2EEA40026EFEC /* Images.xcassets in Resources */,
				EBCF78C21AFA7CCC0063C8F0 /* Menu.sks in Resources */,
				88D2113E1B056D4D00F05F77 /* Levels in Resources */,
				EB51574C1B055508004A6CC0 /* LevelLibrary.sks in Resources */,
				882E55851AD2EEA40026EFEC /* MainMenu.xib in Resources */,
			);
			runOnlyForDeploymentPostprocessing = 0;
		};
		882E55881AD2EEA40026EFEC /* Resources */ = {
			isa = PBXResourcesBuildPhase;
			buildActionMask = 2147483647;
			files = (
			);
			runOnlyForDeploymentPostprocessing = 0;
		};
/* End PBXResourcesBuildPhase section */

/* Begin PBXSourcesBuildPhase section */
		882E55721AD2EEA40026EFEC /* Sources */ = {
			isa = PBXSourcesBuildPhase;
			buildActionMask = 2147483647;
			files = (
				882658761B053BF5007DA190 /* InfoDisplay.swift in Sources */,
				882E557E1AD2EEA40026EFEC /* GameScene.swift in Sources */,
				882E559D1AD2FC350026EFEC /* Structures.swift in Sources */,
				8826587F1B05438E007DA190 /* Protocols.swift in Sources */,
				882E557C1AD2EEA40026EFEC /* AppDelegate.swift in Sources */,
				880BE2251AFA7A76005E26F4 /* ThinkGear.swift in Sources */,
				88D2113A1B055F8700F05F77 /* LevelBuilder.swift in Sources */,
				88D2113C1B05604100F05F77 /* Wall.swift in Sources */,
				882E559B1AD2F1910026EFEC /* Camera.swift in Sources */,
				88776A081B054AFE009BB35B /* Button.swift in Sources */,
				88D211401B056E2D00F05F77 /* Reader.swift in Sources */,
				EBCF78C01AFA75EA0063C8F0 /* Menu.swift in Sources */,
				8826587C1B05433F007DA190 /* Block.swift in Sources */,
				EB51574A1B05548F004A6CC0 /* LevelLibrary.swift in Sources */,
				882658781B0542E2007DA190 /* BlackHole.swift in Sources */,
				8826587A1B05430F007DA190 /* Unit.swift in Sources */,
			);
			runOnlyForDeploymentPostprocessing = 0;
		};
		882E55861AD2EEA40026EFEC /* Sources */ = {
			isa = PBXSourcesBuildPhase;
			buildActionMask = 2147483647;
			files = (
				882E55911AD2EEA40026EFEC /* GameTests.swift in Sources */,
			);
			runOnlyForDeploymentPostprocessing = 0;
		};
/* End PBXSourcesBuildPhase section */

/* Begin PBXTargetDependency section */
		882E558C1AD2EEA40026EFEC /* PBXTargetDependency */ = {
			isa = PBXTargetDependency;
			target = 882E55751AD2EEA40026EFEC /* Game */;
			targetProxy = 882E558B1AD2EEA40026EFEC /* PBXContainerItemProxy */;
		};
/* End PBXTargetDependency section */

/* Begin PBXVariantGroup section */
		882E55831AD2EEA40026EFEC /* MainMenu.xib */ = {
			isa = PBXVariantGroup;
			children = (
				882E55841AD2EEA40026EFEC /* Base */,
			);
			name = MainMenu.xib;
			sourceTree = "<group>";
		};
/* End PBXVariantGroup section */

/* Begin XCBuildConfiguration section */
		882E55921AD2EEA40026EFEC /* Debug */ = {
			isa = XCBuildConfiguration;
			buildSettings = {
				ALWAYS_SEARCH_USER_PATHS = NO;
				CLANG_CXX_LANGUAGE_STANDARD = "gnu++0x";
				CLANG_CXX_LIBRARY = "libc++";
				CLANG_ENABLE_MODULES = YES;
				CLANG_ENABLE_OBJC_ARC = YES;
				CLANG_WARN_BOOL_CONVERSION = YES;
				CLANG_WARN_CONSTANT_CONVERSION = YES;
				CLANG_WARN_DIRECT_OBJC_ISA_USAGE = YES_ERROR;
				CLANG_WARN_EMPTY_BODY = YES;
				CLANG_WARN_ENUM_CONVERSION = YES;
				CLANG_WARN_INT_CONVERSION = YES;
				CLANG_WARN_OBJC_ROOT_CLASS = YES_ERROR;
				CLANG_WARN_UNREACHABLE_CODE = YES;
				CLANG_WARN__DUPLICATE_METHOD_MATCH = YES;
				CODE_SIGN_IDENTITY = "-";
				CONFIGURATION_BUILD_DIR = /Users/rebryk/RGB/Debug/;
				COPY_PHASE_STRIP = NO;
				DEBUG_INFORMATION_FORMAT = dwarf;
				ENABLE_STRICT_OBJC_MSGSEND = YES;
				GCC_C_LANGUAGE_STANDARD = gnu99;
				GCC_DYNAMIC_NO_PIC = NO;
				GCC_NO_COMMON_BLOCKS = YES;
				GCC_OPTIMIZATION_LEVEL = 0;
				GCC_PREPROCESSOR_DEFINITIONS = (
					"DEBUG=1",
					"$(inherited)",
				);
				GCC_SYMBOLS_PRIVATE_EXTERN = NO;
				GCC_WARN_64_TO_32_BIT_CONVERSION = YES;
				GCC_WARN_ABOUT_RETURN_TYPE = YES_ERROR;
				GCC_WARN_UNDECLARED_SELECTOR = YES;
				GCC_WARN_UNINITIALIZED_AUTOS = YES_AGGRESSIVE;
				GCC_WARN_UNUSED_FUNCTION = YES;
				GCC_WARN_UNUSED_VARIABLE = YES;
				MACOSX_DEPLOYMENT_TARGET = 10.10;
				MTL_ENABLE_DEBUG_INFO = YES;
				ONLY_ACTIVE_ARCH = YES;
				SDKROOT = macosx;
				SWIFT_OPTIMIZATION_LEVEL = "-Onone";
			};
			name = Debug;
		};
		882E55931AD2EEA40026EFEC /* Release */ = {
			isa = XCBuildConfiguration;
			buildSettings = {
				ALWAYS_SEARCH_USER_PATHS = NO;
				CLANG_CXX_LANGUAGE_STANDARD = "gnu++0x";
				CLANG_CXX_LIBRARY = "libc++";
				CLANG_ENABLE_MODULES = YES;
				CLANG_ENABLE_OBJC_ARC = YES;
				CLANG_WARN_BOOL_CONVERSION = YES;
				CLANG_WARN_CONSTANT_CONVERSION = YES;
				CLANG_WARN_DIRECT_OBJC_ISA_USAGE = YES_ERROR;
				CLANG_WARN_EMPTY_BODY = YES;
				CLANG_WARN_ENUM_CONVERSION = YES;
				CLANG_WARN_INT_CONVERSION = YES;
				CLANG_WARN_OBJC_ROOT_CLASS = YES_ERROR;
				CLANG_WARN_UNREACHABLE_CODE = YES;
				CLANG_WARN__DUPLICATE_METHOD_MATCH = YES;
				CODE_SIGN_IDENTITY = "-";
				CONFIGURATION_BUILD_DIR = "/Users/rebryk//RGB/Release/";
				COPY_PHASE_STRIP = NO;
				DEBUG_INFORMATION_FORMAT = "dwarf-with-dsym";
				ENABLE_NS_ASSERTIONS = NO;
				ENABLE_STRICT_OBJC_MSGSEND = YES;
				GCC_C_LANGUAGE_STANDARD = gnu99;
				GCC_NO_COMMON_BLOCKS = YES;
				GCC_WARN_64_TO_32_BIT_CONVERSION = YES;
				GCC_WARN_ABOUT_RETURN_TYPE = YES_ERROR;
				GCC_WARN_UNDECLARED_SELECTOR = YES;
				GCC_WARN_UNINITIALIZED_AUTOS = YES_AGGRESSIVE;
				GCC_WARN_UNUSED_FUNCTION = YES;
				GCC_WARN_UNUSED_VARIABLE = YES;
				MACOSX_DEPLOYMENT_TARGET = 10.10;
				MTL_ENABLE_DEBUG_INFO = NO;
				SDKROOT = macosx;
			};
			name = Release;
		};
		882E55951AD2EEA40026EFEC /* Debug */ = {
			isa = XCBuildConfiguration;
			buildSettings = {
				ASSETCATALOG_COMPILER_APPICON_NAME = AppIcon;
				CLANG_ENABLE_MODULES = YES;
				COMBINE_HIDPI_IMAGES = YES;
				FRAMEWORK_SEARCH_PATHS = (
					"$(inherited)",
					"$(PROJECT_DIR)/Game",
				);
				INFOPLIST_FILE = Game/Info.plist;
				LD_RUNPATH_SEARCH_PATHS = "$(inherited) @executable_path/../Frameworks";
				PRODUCT_NAME = "$(TARGET_NAME)";
				SWIFT_OBJC_BRIDGING_HEADER = "Game/Swift-Bridging-Header.h";
				SWIFT_OPTIMIZATION_LEVEL = "-Onone";
			};
			name = Debug;
		};
		882E55961AD2EEA40026EFEC /* Release */ = {
			isa = XCBuildConfiguration;
			buildSettings = {
				ASSETCATALOG_COMPILER_APPICON_NAME = AppIcon;
				CLANG_ENABLE_MODULES = YES;
				COMBINE_HIDPI_IMAGES = YES;
				FRAMEWORK_SEARCH_PATHS = (
					"$(inherited)",
					"$(PROJECT_DIR)/Game",
				);
				INFOPLIST_FILE = Game/Info.plist;
				LD_RUNPATH_SEARCH_PATHS = "$(inherited) @executable_path/../Frameworks";
				PRODUCT_NAME = "$(TARGET_NAME)";
				SWIFT_OBJC_BRIDGING_HEADER = "Game/Swift-Bridging-Header.h";
			};
			name = Release;
		};
		882E55981AD2EEA40026EFEC /* Debug */ = {
			isa = XCBuildConfiguration;
			buildSettings = {
				BUNDLE_LOADER = "$(TEST_HOST)";
				COMBINE_HIDPI_IMAGES = YES;
				FRAMEWORK_SEARCH_PATHS = (
					"$(DEVELOPER_FRAMEWORKS_DIR)",
					"$(inherited)",
				);
				GCC_PREPROCESSOR_DEFINITIONS = (
					"DEBUG=1",
					"$(inherited)",
				);
				INFOPLIST_FILE = GameTests/Info.plist;
				LD_RUNPATH_SEARCH_PATHS = "$(inherited) @executable_path/../Frameworks @loader_path/../Frameworks";
				PRODUCT_NAME = "$(TARGET_NAME)";
				TEST_HOST = "$(BUILT_PRODUCTS_DIR)/Game.app/Contents/MacOS/Game";
			};
			name = Debug;
		};
		882E55991AD2EEA40026EFEC /* Release */ = {
			isa = XCBuildConfiguration;
			buildSettings = {
				BUNDLE_LOADER = "$(TEST_HOST)";
				COMBINE_HIDPI_IMAGES = YES;
				FRAMEWORK_SEARCH_PATHS = (
					"$(DEVELOPER_FRAMEWORKS_DIR)",
					"$(inherited)",
				);
				INFOPLIST_FILE = GameTests/Info.plist;
				LD_RUNPATH_SEARCH_PATHS = "$(inherited) @executable_path/../Frameworks @loader_path/../Frameworks";
				PRODUCT_NAME = "$(TARGET_NAME)";
				TEST_HOST = "$(BUILT_PRODUCTS_DIR)/Game.app/Contents/MacOS/Game";
			};
			name = Release;
		};
/* End XCBuildConfiguration section */

/* Begin XCConfigurationList section */
		882E55711AD2EEA40026EFEC /* Build configuration list for PBXProject "Game" */ = {
			isa = XCConfigurationList;
			buildConfigurations = (
				882E55921AD2EEA40026EFEC /* Debug */,
				882E55931AD2EEA40026EFEC /* Release */,
			);
			defaultConfigurationIsVisible = 0;
			defaultConfigurationName = Release;
		};
		882E55941AD2EEA40026EFEC /* Build configuration list for PBXNativeTarget "Game" */ = {
			isa = XCConfigurationList;
			buildConfigurations = (
				882E55951AD2EEA40026EFEC /* Debug */,
				882E55961AD2EEA40026EFEC /* Release */,
			);
			defaultConfigurationIsVisible = 0;
			defaultConfigurationName = Release;
		};
		882E55971AD2EEA40026EFEC /* Build configuration list for PBXNativeTarget "GameTests" */ = {
			isa = XCConfigurationList;
			buildConfigurations = (
				882E55981AD2EEA40026EFEC /* Debug */,
				882E55991AD2EEA40026EFEC /* Release */,
			);
			defaultConfigurationIsVisible = 0;
			defaultConfigurationName = Release;
		};
/* End XCConfigurationList section */
	};
	rootObject = 882E556E1AD2EEA40026EFEC /* Project object */;
}
